
Microsoft Visual Studio Solution File, Format Version 12.00
# Visual Studio Version 17
VisualStudioVersion = 17.4.33110.190
MinimumVisualStudioVersion = 10.0.40219.1
Project("{FAE04EC0-301F-11D3-BF4B-00C04F79EFBC}") = "OmimodLab7Net", "OmimodLab7Net\OmimodLab7Net.csproj", "{84A1D5CF-37A6-416B-8B0C-07844EA03452}"
EndProject
Global
	GlobalSection(SolutionConfigurationPlatforms) = preSolution
		Debug|Any CPU = Debug|Any CPU
		Release|Any CPU = Release|Any CPU
	EndGlobalSection
	GlobalSection(ProjectConfigurationPlatforms) = postSolution
		{84A1D5CF-37A6-416B-8B0C-07844EA03452}.Debug|Any CPU.ActiveCfg = Debug|Any CPU
		{84A1D5CF-37A6-416B-8B0C-07844EA03452}.Debug|Any CPU.Build.0 = Debug|Any CPU
		{84A1D5CF-37A6-416B-8B0C-07844EA03452}.Release|Any CPU.ActiveCfg = Release|Any CPU
		{84A1D5CF-37A6-416B-8B0C-07844EA03452}.Release|Any CPU.Build.0 = Release|Any CPU
	EndGlobalSection
	GlobalSection(SolutionProperties) = preSolution
		HideSolutionNode = FALSE
	EndGlobalSection
	GlobalSection(ExtensibilityGlobals) = postSolution
		SolutionGuid = {26653040-9B83-4CEA-A21D-F19ED7F709F2}
	EndGlobalSection
EndGlobal
